
Microsoft Visual Studio Solution File, Format Version 12.00
# Visual Studio Version 16
VisualStudioVersion = 16.0.32413.511
MinimumVisualStudioVersion = 10.0.40219.1
Project("{FAE04EC0-301F-11D3-BF4B-00C04F79EFBC}") = "Sentiment.API", "SentimentAPI\Sentiment.API.csproj", "{A71A90DC-E497-45F2-ACF6-9FF46D013A90}"
EndProject
Project("{FAE04EC0-301F-11D3-BF4B-00C04F79EFBC}") = "Sentiment.DAL", "Sentiment.DAL\Sentiment.DAL.csproj", "{BA57E704-19E8-4FDD-B398-DEE7EC45277A}"
EndProject
Global
	GlobalSection(SolutionConfigurationPlatforms) = preSolution
		Debug|Any CPU = Debug|Any CPU
		Release|Any CPU = Release|Any CPU
	EndGlobalSection
	GlobalSection(ProjectConfigurationPlatforms) = postSolution
		{A71A90DC-E497-45F2-ACF6-9FF46D013A90}.Debug|Any CPU.ActiveCfg = Debug|Any CPU
		{A71A90DC-E497-45F2-ACF6-9FF46D013A90}.Debug|Any CPU.Build.0 = Debug|Any CPU
		{A71A90DC-E497-45F2-ACF6-9FF46D013A90}.Release|Any CPU.ActiveCfg = Release|Any CPU
		{A71A90DC-E497-45F2-ACF6-9FF46D013A90}.Release|Any CPU.Build.0 = Release|Any CPU
		{BA57E704-19E8-4FDD-B398-DEE7EC45277A}.Debug|Any CPU.ActiveCfg = Debug|Any CPU
		{BA57E704-19E8-4FDD-B398-DEE7EC45277A}.Debug|Any CPU.Build.0 = Debug|Any CPU
		{BA57E704-19E8-4FDD-B398-DEE7EC45277A}.Release|Any CPU.ActiveCfg = Release|Any CPU
		{BA57E704-19E8-4FDD-B398-DEE7EC45277A}.Release|Any CPU.Build.0 = Release|Any CPU
	EndGlobalSection
	GlobalSection(SolutionProperties) = preSolution
		HideSolutionNode = FALSE
	EndGlobalSection
	GlobalSection(ExtensibilityGlobals) = postSolution
		SolutionGuid = {E144344B-2403-436F-84C6-EA3EB270A838}
	EndGlobalSection
EndGlobal
